{
  "name": "dagbok-nosql-front",
  "version": "1.0.0",
  "lockfileVersion": 2,
  "requires": true,
  "packages": {
    "": {
      "name": "dagbok-nosql-front",
      "version": "1.0.0",
      "license": "ISC",
      "dependencies": {
        "tinymce": "^6.4.0"
      }
    },
    "node_modules/tinymce": {
      "version": "6.4.0",
      "resolved": "https://registry.npmjs.org/tinymce/-/tinymce-6.4.0.tgz",
      "integrity": "sha512-A1IZKhEM7sS/je7M+SjKqa1UM59GzOxi2M5me8sYx9/VoSzCaAXOgTo1M1wQsu8dFbThbBgz9vZqBFqukhYyhg=="
    }
  },
  "dependencies": {
    "tinymce": {
      "version": "6.4.0",
      "resolved": "https://registry.npmjs.org/tinymce/-/tinymce-6.4.0.tgz",
      "integrity": "sha512-A1IZKhEM7sS/je7M+SjKqa1UM59GzOxi2M5me8sYx9/VoSzCaAXOgTo1M1wQsu8dFbThbBgz9vZqBFqukhYyhg=="
    }
  }
}
